// !$*UTF8*$!
{
	archiveVersion = 1;
	classes = {
	};
	objectVersion = 56;
	objects = {

/* Begin PBXBuildFile section */
		65705D682AB7951C006F1A23 /* watch-gpt Watch App.app in Embed Watch Content */ = {isa = PBXBuildFile; fileRef = 65705D672AB7951C006F1A23 /* watch-gpt Watch App.app */; settings = {ATTRIBUTES = (RemoveHeadersOnCopy, ); }; };
		65705D6D2AB7951C006F1A23 /* watch_gptApp.swift in Sources */ = {isa = PBXBuildFile; fileRef = 65705D6C2AB7951C006F1A23 /* watch_gptApp.swift */; };
		65705D6F2AB7951C006F1A23 /* ContentView.swift in Sources */ = {isa = PBXBuildFile; fileRef = 65705D6E2AB7951C006F1A23 /* ContentView.swift */; };
		65705D712AB7951E006F1A23 /* Assets.xcassets in Resources */ = {isa = PBXBuildFile; fileRef = 65705D702AB7951E006F1A23 /* Assets.xcassets */; };
		65705D742AB7951E006F1A23 /* Preview Assets.xcassets in Resources */ = {isa = PBXBuildFile; fileRef = 65705D732AB7951E006F1A23 /* Preview Assets.xcassets */; };
		65705D802AB795F9006F1A23 /* API.swift in Sources */ = {isa = PBXBuildFile; fileRef = 65705D7F2AB795F9006F1A23 /* API.swift */; };
		65705D832AB79A55006F1A23 /* Config.swift in Sources */ = {isa = PBXBuildFile; fileRef = 65705D822AB79A55006F1A23 /* Config.swift */; };
		65705D852AB79A72006F1A23 /* Provider.swift in Sources */ = {isa = PBXBuildFile; fileRef = 65705D842AB79A72006F1A23 /* Provider.swift */; };
		65705D872AB79A7C006F1A23 /* Client.swift in Sources */ = {isa = PBXBuildFile; fileRef = 65705D862AB79A7C006F1A23 /* Client.swift */; };
		65705D892AB79AFB006F1A23 /* Types.swift in Sources */ = {isa = PBXBuildFile; fileRef = 65705D882AB79AFB006F1A23 /* Types.swift */; };
/* End PBXBuildFile section */

/* Begin PBXContainerItemProxy section */
		65705D692AB7951C006F1A23 /* PBXContainerItemProxy */ = {
			isa = PBXContainerItemProxy;
			containerPortal = 65705D5B2AB7951C006F1A23 /* Project object */;
			proxyType = 1;
			remoteGlobalIDString = 65705D662AB7951C006F1A23;
			remoteInfo = "watch-gpt Watch App";
		};
/* End PBXContainerItemProxy section */

/* Begin PBXCopyFilesBuildPhase section */
		65705D7A2AB7951E006F1A23 /* Embed Watch Content */ = {
			isa = PBXCopyFilesBuildPhase;
			buildActionMask = 2147483647;
			dstPath = "$(CONTENTS_FOLDER_PATH)/Watch";
			dstSubfolderSpec = 16;
			files = (
				65705D682AB7951C006F1A23 /* watch-gpt Watch App.app in Embed Watch Content */,
			);
			name = "Embed Watch Content";
			runOnlyForDeploymentPostprocessing = 0;
		};
/* End PBXCopyFilesBuildPhase section */

/* Begin PBXFileReference section */
		65705D612AB7951C006F1A23 /* watch-gpt.app */ = {isa = PBXFileReference; explicitFileType = wrapper.application; includeInIndex = 0; path = "watch-gpt.app"; sourceTree = BUILT_PRODUCTS_DIR; };
		65705D672AB7951C006F1A23 /* watch-gpt Watch App.app */ = {isa = PBXFileReference; explicitFileType = wrapper.application; includeInIndex = 0; path = "watch-gpt Watch App.app"; sourceTree = BUILT_PRODUCTS_DIR; };
		65705D6C2AB7951C006F1A23 /* watch_gptApp.swift */ = {isa = PBXFileReference; lastKnownFileType = sourcecode.swift; path = watch_gptApp.swift; sourceTree = "<group>"; };
		65705D6E2AB7951C006F1A23 /* ContentView.swift */ = {isa = PBXFileReference; lastKnownFileType = sourcecode.swift; path = ContentView.swift; sourceTree = "<group>"; };
		65705D702AB7951E006F1A23 /* Assets.xcassets */ = {isa = PBXFileReference; lastKnownFileType = folder.assetcatalog; path = Assets.xcassets; sourceTree = "<group>"; };
		65705D732AB7951E006F1A23 /* Preview Assets.xcassets */ = {isa = PBXFileReference; lastKnownFileType = folder.assetcatalog; path = "Preview Assets.xcassets"; sourceTree = "<group>"; };
		65705D7F2AB795F9006F1A23 /* API.swift */ = {isa = PBXFileReference; lastKnownFileType = sourcecode.swift; path = API.swift; sourceTree = "<group>"; };
		65705D822AB79A55006F1A23 /* Config.swift */ = {isa = PBXFileReference; lastKnownFileType = sourcecode.swift; path = Config.swift; sourceTree = "<group>"; };
		65705D842AB79A72006F1A23 /* Provider.swift */ = {isa = PBXFileReference; lastKnownFileType = sourcecode.swift; path = Provider.swift; sourceTree = "<group>"; };
		65705D862AB79A7C006F1A23 /* Client.swift */ = {isa = PBXFileReference; lastKnownFileType = sourcecode.swift; path = Client.swift; sourceTree = "<group>"; };
		65705D882AB79AFB006F1A23 /* Types.swift */ = {isa = PBXFileReference; lastKnownFileType = sourcecode.swift; path = Types.swift; sourceTree = "<group>"; };
/* End PBXFileReference section */

/* Begin PBXFrameworksBuildPhase section */
		65705D642AB7951C006F1A23 /* Frameworks */ = {
			isa = PBXFrameworksBuildPhase;
			buildActionMask = 2147483647;
			files = (
			);
			runOnlyForDeploymentPostprocessing = 0;
		};
/* End PBXFrameworksBuildPhase section */

/* Begin PBXGroup section */
		65705D5A2AB7951C006F1A23 = {
			isa = PBXGroup;
			children = (
				65705D7E2AB795DB006F1A23 /* shared */,
				65705D6B2AB7951C006F1A23 /* watch-gpt Watch App */,
				65705D622AB7951C006F1A23 /* Products */,
			);
			sourceTree = "<group>";
		};
		65705D622AB7951C006F1A23 /* Products */ = {
			isa = PBXGroup;
			children = (
				65705D612AB7951C006F1A23 /* watch-gpt.app */,
				65705D672AB7951C006F1A23 /* watch-gpt Watch App.app */,
			);
			name = Products;
			sourceTree = "<group>";
		};
		65705D6B2AB7951C006F1A23 /* watch-gpt Watch App */ = {
			isa = PBXGroup;
			children = (
				65705D6C2AB7951C006F1A23 /* watch_gptApp.swift */,
				65705D6E2AB7951C006F1A23 /* ContentView.swift */,
				65705D702AB7951E006F1A23 /* Assets.xcassets */,
				65705D722AB7951E006F1A23 /* Preview Content */,
			);
			path = "watch-gpt Watch App";
			sourceTree = "<group>";
		};
		65705D722AB7951E006F1A23 /* Preview Content */ = {
			isa = PBXGroup;
			children = (
				65705D732AB7951E006F1A23 /* Preview Assets.xcassets */,
			);
			path = "Preview Content";
			sourceTree = "<group>";
		};
		65705D7E2AB795DB006F1A23 /* shared */ = {
			isa = PBXGroup;
			children = (
				65705D7F2AB795F9006F1A23 /* API.swift */,
				65705D882AB79AFB006F1A23 /* Types.swift */,
				65705D812AB79A3B006F1A23 /* config */,
			);
			path = shared;
			sourceTree = "<group>";
		};
		65705D812AB79A3B006F1A23 /* config */ = {
			isa = PBXGroup;
			children = (
				65705D822AB79A55006F1A23 /* Config.swift */,
				65705D842AB79A72006F1A23 /* Provider.swift */,
				65705D862AB79A7C006F1A23 /* Client.swift */,
			);
			path = config;
			sourceTree = "<group>";
		};
/* End PBXGroup section */

/* Begin PBXNativeTarget section */
		65705D602AB7951C006F1A23 /* watch-gpt */ = {
			isa = PBXNativeTarget;
			buildConfigurationList = 65705D7B2AB7951E006F1A23 /* Build configuration list for PBXNativeTarget "watch-gpt" */;
			buildPhases = (
				65705D5F2AB7951C006F1A23 /* Resources */,
				65705D7A2AB7951E006F1A23 /* Embed Watch Content */,
			);
			buildRules = (
			);
			dependencies = (
				65705D6A2AB7951C006F1A23 /* PBXTargetDependency */,
			);
			name = "watch-gpt";
			productName = "watch-gpt";
			productReference = 65705D612AB7951C006F1A23 /* watch-gpt.app */;
			productType = "com.apple.product-type.application.watchapp2-container";
		};
		65705D662AB7951C006F1A23 /* watch-gpt Watch App */ = {
			isa = PBXNativeTarget;
			buildConfigurationList = 65705D772AB7951E006F1A23 /* Build configuration list for PBXNativeTarget "watch-gpt Watch App" */;
			buildPhases = (
				65705D632AB7951C006F1A23 /* Sources */,
				65705D642AB7951C006F1A23 /* Frameworks */,
				65705D652AB7951C006F1A23 /* Resources */,
			);
			buildRules = (
			);
			dependencies = (
			);
			name = "watch-gpt Watch App";
			productName = "watch-gpt Watch App";
			productReference = 65705D672AB7951C006F1A23 /* watch-gpt Watch App.app */;
			productType = "com.apple.product-type.application";
		};
/* End PBXNativeTarget section */

/* Begin PBXProject section */
		65705D5B2AB7951C006F1A23 /* Project object */ = {
			isa = PBXProject;
			attributes = {
				BuildIndependentTargetsInParallel = 1;
				LastSwiftUpdateCheck = 1430;
				LastUpgradeCheck = 1430;
				TargetAttributes = {
					65705D602AB7951C006F1A23 = {
						CreatedOnToolsVersion = 14.3;
					};
					65705D662AB7951C006F1A23 = {
						CreatedOnToolsVersion = 14.3;
					};
				};
			};
			buildConfigurationList = 65705D5E2AB7951C006F1A23 /* Build configuration list for PBXProject "watch-gpt" */;
			compatibilityVersion = "Xcode 14.0";
			developmentRegion = en;
			hasScannedForEncodings = 0;
			knownRegions = (
				en,
				Base,
			);
			mainGroup = 65705D5A2AB7951C006F1A23;
			productRefGroup = 65705D622AB7951C006F1A23 /* Products */;
			projectDirPath = "";
			projectRoot = "";
			targets = (
				65705D602AB7951C006F1A23 /* watch-gpt */,
				65705D662AB7951C006F1A23 /* watch-gpt Watch App */,
			);
		};
/* End PBXProject section */

/* Begin PBXResourcesBuildPhase section */
		65705D5F2AB7951C006F1A23 /* Resources */ = {
			isa = PBXResourcesBuildPhase;
			buildActionMask = 2147483647;
			files = (
			);
			runOnlyForDeploymentPostprocessing = 0;
		};
		65705D652AB7951C006F1A23 /* Resources */ = {
			isa = PBXResourcesBuildPhase;
			buildActionMask = 2147483647;
			files = (
				65705D742AB7951E006F1A23 /* Preview Assets.xcassets in Resources */,
				65705D712AB7951E006F1A23 /* Assets.xcassets in Resources */,
			);
			runOnlyForDeploymentPostprocessing = 0;
		};
/* End PBXResourcesBuildPhase section */

/* Begin PBXSourcesBuildPhase section */
		65705D632AB7951C006F1A23 /* Sources */ = {
			isa = PBXSourcesBuildPhase;
			buildActionMask = 2147483647;
			files = (
				65705D892AB79AFB006F1A23 /* Types.swift in Sources */,
				65705D6F2AB7951C006F1A23 /* ContentView.swift in Sources */,
				65705D802AB795F9006F1A23 /* API.swift in Sources */,
				65705D872AB79A7C006F1A23 /* Client.swift in Sources */,
				65705D832AB79A55006F1A23 /* Config.swift in Sources */,
				65705D852AB79A72006F1A23 /* Provider.swift in Sources */,
				65705D6D2AB7951C006F1A23 /* watch_gptApp.swift in Sources */,
			);
			runOnlyForDeploymentPostprocessing = 0;
		};
/* End PBXSourcesBuildPhase section */

/* Begin PBXTargetDependency section */
		65705D6A2AB7951C006F1A23 /* PBXTargetDependency */ = {
			isa = PBXTargetDependency;
			target = 65705D662AB7951C006F1A23 /* watch-gpt Watch App */;
			targetProxy = 65705D692AB7951C006F1A23 /* PBXContainerItemProxy */;
		};
/* End PBXTargetDependency section */

/* Begin XCBuildConfiguration section */
		65705D752AB7951E006F1A23 /* Debug */ = {
			isa = XCBuildConfiguration;
			buildSettings = {
				ALWAYS_SEARCH_USER_PATHS = NO;
				CLANG_ANALYZER_NONNULL = YES;
				CLANG_ANALYZER_NUMBER_OBJECT_CONVERSION = YES_AGGRESSIVE;
				CLANG_CXX_LANGUAGE_STANDARD = "gnu++20";
				CLANG_ENABLE_MODULES = YES;
				CLANG_ENABLE_OBJC_ARC = YES;
				CLANG_ENABLE_OBJC_WEAK = YES;
				CLANG_WARN_BLOCK_CAPTURE_AUTORELEASING = YES;
				CLANG_WARN_BOOL_CONVERSION = YES;
				CLANG_WARN_COMMA = YES;
				CLANG_WARN_CONSTANT_CONVERSION = YES;
				CLANG_WARN_DEPRECATED_OBJC_IMPLEMENTATIONS = YES;
				CLANG_WARN_DIRECT_OBJC_ISA_USAGE = YES_ERROR;
				CLANG_WARN_DOCUMENTATION_COMMENTS = YES;
				CLANG_WARN_EMPTY_BODY = YES;
				CLANG_WARN_ENUM_CONVERSION = YES;
				CLANG_WARN_INFINITE_RECURSION = YES;
				CLANG_WARN_INT_CONVERSION = YES;
				CLANG_WARN_NON_LITERAL_NULL_CONVERSION = YES;
				CLANG_WARN_OBJC_IMPLICIT_RETAIN_SELF = YES;
				CLANG_WARN_OBJC_LITERAL_CONVERSION = YES;
				CLANG_WARN_OBJC_ROOT_CLASS = YES_ERROR;
				CLANG_WARN_QUOTED_INCLUDE_IN_FRAMEWORK_HEADER = YES;
				CLANG_WARN_RANGE_LOOP_ANALYSIS = YES;
				CLANG_WARN_STRICT_PROTOTYPES = YES;
				CLANG_WARN_SUSPICIOUS_MOVE = YES;
				CLANG_WARN_UNGUARDED_AVAILABILITY = YES_AGGRESSIVE;
				CLANG_WARN_UNREACHABLE_CODE = YES;
				CLANG_WARN__DUPLICATE_METHOD_MATCH = YES;
				COPY_PHASE_STRIP = NO;
				DEBUG_INFORMATION_FORMAT = dwarf;
				ENABLE_STRICT_OBJC_MSGSEND = YES;
				ENABLE_TESTABILITY = YES;
				GCC_C_LANGUAGE_STANDARD = gnu11;
				GCC_DYNAMIC_NO_PIC = NO;
				GCC_NO_COMMON_BLOCKS = YES;
				GCC_OPTIMIZATION_LEVEL = 0;
				GCC_PREPROCESSOR_DEFINITIONS = (
					"DEBUG=1",
					"$(inherited)",
				);
				GCC_WARN_64_TO_32_BIT_CONVERSION = YES;
				GCC_WARN_ABOUT_RETURN_TYPE = YES_ERROR;
				GCC_WARN_UNDECLARED_SELECTOR = YES;
				GCC_WARN_UNINITIALIZED_AUTOS = YES_AGGRESSIVE;
				GCC_WARN_UNUSED_FUNCTION = YES;
				GCC_WARN_UNUSED_VARIABLE = YES;
				MTL_ENABLE_DEBUG_INFO = INCLUDE_SOURCE;
				MTL_FAST_MATH = YES;
				ONLY_ACTIVE_ARCH = YES;
				SWIFT_ACTIVE_COMPILATION_CONDITIONS = DEBUG;
				SWIFT_OPTIMIZATION_LEVEL = "-Onone";
			};
			name = Debug;
		};
		65705D762AB7951E006F1A23 /* Release */ = {
			isa = XCBuildConfiguration;
			buildSettings = {
				ALWAYS_SEARCH_USER_PATHS = NO;
				CLANG_ANALYZER_NONNULL = YES;
				CLANG_ANALYZER_NUMBER_OBJECT_CONVERSION = YES_AGGRESSIVE;
				CLANG_CXX_LANGUAGE_STANDARD = "gnu++20";
				CLANG_ENABLE_MODULES = YES;
				CLANG_ENABLE_OBJC_ARC = YES;
				CLANG_ENABLE_OBJC_WEAK = YES;
				CLANG_WARN_BLOCK_CAPTURE_AUTORELEASING = YES;
				CLANG_WARN_BOOL_CONVERSION = YES;
				CLANG_WARN_COMMA = YES;
				CLANG_WARN_CONSTANT_CONVERSION = YES;
				CLANG_WARN_DEPRECATED_OBJC_IMPLEMENTATIONS = YES;
				CLANG_WARN_DIRECT_OBJC_ISA_USAGE = YES_ERROR;
				CLANG_WARN_DOCUMENTATION_COMMENTS = YES;
				CLANG_WARN_EMPTY_BODY = YES;
				CLANG_WARN_ENUM_CONVERSION = YES;
				CLANG_WARN_INFINITE_RECURSION = YES;
				CLANG_WARN_INT_CONVERSION = YES;
				CLANG_WARN_NON_LITERAL_NULL_CONVERSION = YES;
				CLANG_WARN_OBJC_IMPLICIT_RETAIN_SELF = YES;
				CLANG_WARN_OBJC_LITERAL_CONVERSION = YES;
				CLANG_WARN_OBJC_ROOT_CLASS = YES_ERROR;
				CLANG_WARN_QUOTED_INCLUDE_IN_FRAMEWORK_HEADER = YES;
				CLANG_WARN_RANGE_LOOP_ANALYSIS = YES;
				CLANG_WARN_STRICT_PROTOTYPES = YES;
				CLANG_WARN_SUSPICIOUS_MOVE = YES;
				CLANG_WARN_UNGUARDED_AVAILABILITY = YES_AGGRESSIVE;
				CLANG_WARN_UNREACHABLE_CODE = YES;
				CLANG_WARN__DUPLICATE_METHOD_MATCH = YES;
				COPY_PHASE_STRIP = NO;
				DEBUG_INFORMATION_FORMAT = "dwarf-with-dsym";
				ENABLE_NS_ASSERTIONS = NO;
				ENABLE_STRICT_OBJC_MSGSEND = YES;
				GCC_C_LANGUAGE_STANDARD = gnu11;
				GCC_NO_COMMON_BLOCKS = YES;
				GCC_WARN_64_TO_32_BIT_CONVERSION = YES;
				GCC_WARN_ABOUT_RETURN_TYPE = YES_ERROR;
				GCC_WARN_UNDECLARED_SELECTOR = YES;
				GCC_WARN_UNINITIALIZED_AUTOS = YES_AGGRESSIVE;
				GCC_WARN_UNUSED_FUNCTION = YES;
				GCC_WARN_UNUSED_VARIABLE = YES;
				MTL_ENABLE_DEBUG_INFO = NO;
				MTL_FAST_MATH = YES;
				SWIFT_COMPILATION_MODE = wholemodule;
				SWIFT_OPTIMIZATION_LEVEL = "-O";
			};
			name = Release;
		};
		65705D782AB7951E006F1A23 /* Debug */ = {
			isa = XCBuildConfiguration;
			buildSettings = {
				ASSETCATALOG_COMPILER_APPICON_NAME = AppIcon;
				ASSETCATALOG_COMPILER_GLOBAL_ACCENT_COLOR_NAME = AccentColor;
				CODE_SIGN_STYLE = Automatic;
				CURRENT_PROJECT_VERSION = 1;
				DEVELOPMENT_ASSET_PATHS = "\"watch-gpt Watch App/Preview Content\"";
				ENABLE_PREVIEWS = YES;
				GENERATE_INFOPLIST_FILE = YES;
				INFOPLIST_KEY_CFBundleDisplayName = "watch-gpt";
				INFOPLIST_KEY_UISupportedInterfaceOrientations = "UIInterfaceOrientationPortrait UIInterfaceOrientationPortraitUpsideDown";
				INFOPLIST_KEY_WKWatchOnly = YES;
				LD_RUNPATH_SEARCH_PATHS = (
					"$(inherited)",
					"@executable_path/Frameworks",
				);
				MARKETING_VERSION = 1.0;
				PRODUCT_BUNDLE_IDENTIFIER = "ine.watch-gpt.watchkitapp";
				PRODUCT_NAME = "$(TARGET_NAME)";
				SDKROOT = watchos;
				SKIP_INSTALL = YES;
				SWIFT_EMIT_LOC_STRINGS = YES;
				SWIFT_VERSION = 5.0;
				TARGETED_DEVICE_FAMILY = 4;
				WATCHOS_DEPLOYMENT_TARGET = 9.4;
			};
			name = Debug;
		};
		65705D792AB7951E006F1A23 /* Release */ = {
			isa = XCBuildConfiguration;
			buildSettings = {
				ASSETCATALOG_COMPILER_APPICON_NAME = AppIcon;
				ASSETCATALOG_COMPILER_GLOBAL_ACCENT_COLOR_NAME = AccentColor;
				CODE_SIGN_STYLE = Automatic;
				CURRENT_PROJECT_VERSION = 1;
				DEVELOPMENT_ASSET_PATHS = "\"watch-gpt Watch App/Preview Content\"";
				ENABLE_PREVIEWS = YES;
				GENERATE_INFOPLIST_FILE = YES;
				INFOPLIST_KEY_CFBundleDisplayName = "watch-gpt";
				INFOPLIST_KEY_UISupportedInterfaceOrientations = "UIInterfaceOrientationPortrait UIInterfaceOrientationPortraitUpsideDown";
				INFOPLIST_KEY_WKWatchOnly = YES;
				LD_RUNPATH_SEARCH_PATHS = (
					"$(inherited)",
					"@executable_path/Frameworks",
				);
				MARKETING_VERSION = 1.0;
				PRODUCT_BUNDLE_IDENTIFIER = "ine.watch-gpt.watchkitapp";
				PRODUCT_NAME = "$(TARGET_NAME)";
				SDKROOT = watchos;
				SKIP_INSTALL = YES;
				SWIFT_EMIT_LOC_STRINGS = YES;
				SWIFT_VERSION = 5.0;
				TARGETED_DEVICE_FAMILY = 4;
				VALIDATE_PRODUCT = YES;
				WATCHOS_DEPLOYMENT_TARGET = 9.4;
			};
			name = Release;
		};
		65705D7C2AB7951E006F1A23 /* Debug */ = {
			isa = XCBuildConfiguration;
			buildSettings = {
				ALWAYS_EMBED_SWIFT_STANDARD_LIBRARIES = YES;
				CODE_SIGN_STYLE = Automatic;
				CURRENT_PROJECT_VERSION = 1;
				INFOPLIST_KEY_CFBundleDisplayName = "watch-gpt";
				MARKETING_VERSION = 1.0;
				PRODUCT_BUNDLE_IDENTIFIER = "ine.watch-gpt";
				PRODUCT_NAME = "$(TARGET_NAME)";
				SDKROOT = iphoneos;
				SWIFT_VERSION = 5.0;
			};
			name = Debug;
		};
		65705D7D2AB7951E006F1A23 /* Release */ = {
			isa = XCBuildConfiguration;
			buildSettings = {
				ALWAYS_EMBED_SWIFT_STANDARD_LIBRARIES = YES;
				CODE_SIGN_STYLE = Automatic;
				CURRENT_PROJECT_VERSION = 1;
				INFOPLIST_KEY_CFBundleDisplayName = "watch-gpt";
				MARKETING_VERSION = 1.0;
				PRODUCT_BUNDLE_IDENTIFIER = "ine.watch-gpt";
				PRODUCT_NAME = "$(TARGET_NAME)";
				SDKROOT = iphoneos;
				SWIFT_VERSION = 5.0;
				VALIDATE_PRODUCT = YES;
			};
			name = Release;
		};
/* End XCBuildConfiguration section */

/* Begin XCConfigurationList section */
		65705D5E2AB7951C006F1A23 /* Build configuration list for PBXProject "watch-gpt" */ = {
			isa = XCConfigurationList;
			buildConfigurations = (
				65705D752AB7951E006F1A23 /* Debug */,
				65705D762AB7951E006F1A23 /* Release */,
			);
			defaultConfigurationIsVisible = 0;
			defaultConfigurationName = Release;
		};
		65705D772AB7951E006F1A23 /* Build configuration list for PBXNativeTarget "watch-gpt Watch App" */ = {
			isa = XCConfigurationList;
			buildConfigurations = (
				65705D782AB7951E006F1A23 /* Debug */,
				65705D792AB7951E006F1A23 /* Release */,
			);
			defaultConfigurationIsVisible = 0;
			defaultConfigurationName = Release;
		};
		65705D7B2AB7951E006F1A23 /* Build configuration list for PBXNativeTarget "watch-gpt" */ = {
			isa = XCConfigurationList;
			buildConfigurations = (
				65705D7C2AB7951E006F1A23 /* Debug */,
				65705D7D2AB7951E006F1A23 /* Release */,
			);
			defaultConfigurationIsVisible = 0;
			defaultConfigurationName = Release;
		};
/* End XCConfigurationList section */
	};
	rootObject = 65705D5B2AB7951C006F1A23 /* Project object */;
}
